
Microsoft Visual Studio Solution File, Format Version 12.00
# Visual Studio Version 17
VisualStudioVersion = 17.4.33122.133
MinimumVisualStudioVersion = 10.0.40219.1
Project("{FAE04EC0-301F-11D3-BF4B-00C04F79EFBC}") = "Project_8_MVC_Batool", "Project_8_MVC_Batool\Project_8_MVC_Batool.csproj", "{09FF0980-2624-47D6-B18B-A69CEEA10FAC}"
EndProject
Global
	GlobalSection(SolutionConfigurationPlatforms) = preSolution
		Debug|Any CPU = Debug|Any CPU
		Release|Any CPU = Release|Any CPU
	EndGlobalSection
	GlobalSection(ProjectConfigurationPlatforms) = postSolution
		{09FF0980-2624-47D6-B18B-A69CEEA10FAC}.Debug|Any CPU.ActiveCfg = Debug|Any CPU
		{09FF0980-2624-47D6-B18B-A69CEEA10FAC}.Debug|Any CPU.Build.0 = Debug|Any CPU
		{09FF0980-2624-47D6-B18B-A69CEEA10FAC}.Release|Any CPU.ActiveCfg = Release|Any CPU
		{09FF0980-2624-47D6-B18B-A69CEEA10FAC}.Release|Any CPU.Build.0 = Release|Any CPU
	EndGlobalSection
	GlobalSection(SolutionProperties) = preSolution
		HideSolutionNode = FALSE
	EndGlobalSection
	GlobalSection(ExtensibilityGlobals) = postSolution
		SolutionGuid = {BDBDD85B-F175-4996-929F-9C09D8A306A2}
	EndGlobalSection
EndGlobal
